# THIS IS AN AUTOGENERATED FILE. DO NOT EDIT THIS FILE DIRECTLY.
# yarn lockfile v1


"@babel/runtime@^7.20.6":
  version "7.24.7"
  resolved "https://registry.yarnpkg.com/@babel/runtime/-/runtime-7.24.7.tgz#f4f0d5530e8dbdf59b3451b9b3e594b6ba082e12"
  integrity sha512-UwgBRMjJP+xv857DCngvqXI3Iq6J4v0wXmwc6sapg+zyhbwmQX67LUEFrkK5tbyJ30jGuG3ZvWpBiB9LCy1kWw==
  dependencies:
    regenerator-runtime "^0.14.0"

"@esbuild/aix-ppc64@0.20.2":
  version "0.20.2"
  resolved "https://registry.yarnpkg.com/@esbuild/aix-ppc64/-/aix-ppc64-0.20.2.tgz#a70f4ac11c6a1dfc18b8bbb13284155d933b9537"
  integrity sha512-D+EBOJHXdNZcLJRBkhENNG8Wji2kgc9AZ9KiPr1JuZjsNtyHzrsfLRrY0tk2H2aoFu6RANO1y1iPPUCDYWkb5g==

"@esbuild/android-arm64@0.20.2":
  version "0.20.2"
  resolved "https://registry.yarnpkg.com/@esbuild/android-arm64/-/android-arm64-0.20.2.tgz#db1c9202a5bc92ea04c7b6840f1bbe09ebf9e6b9"
  integrity sha512-mRzjLacRtl/tWU0SvD8lUEwb61yP9cqQo6noDZP/O8VkwafSYwZ4yWy24kan8jE/IMERpYncRt2dw438LP3Xmg==

"@esbuild/android-arm@0.20.2":
  version "0.20.2"
  resolved "https://registry.yarnpkg.com/@esbuild/android-arm/-/android-arm-0.20.2.tgz#3b488c49aee9d491c2c8f98a909b785870d6e995"
  integrity sha512-t98Ra6pw2VaDhqNWO2Oph2LXbz/EJcnLmKLGBJwEwXX/JAN83Fym1rU8l0JUWK6HkIbWONCSSatf4sf2NBRx/w==

"@esbuild/android-x64@0.20.2":
  version "0.20.2"
  resolved "https://registry.yarnpkg.com/@esbuild/android-x64/-/android-x64-0.20.2.tgz#3b1628029e5576249d2b2d766696e50768449f98"
  integrity sha512-btzExgV+/lMGDDa194CcUQm53ncxzeBrWJcncOBxuC6ndBkKxnHdFJn86mCIgTELsooUmwUm9FkhSp5HYu00Rg==

"@esbuild/darwin-arm64@0.20.2":
  version "0.20.2"
  resolved "https://registry.yarnpkg.com/@esbuild/darwin-arm64/-/darwin-arm64-0.20.2.tgz#6e8517a045ddd86ae30c6608c8475ebc0c4000bb"
  integrity sha512-4J6IRT+10J3aJH3l1yzEg9y3wkTDgDk7TSDFX+wKFiWjqWp/iCfLIYzGyasx9l0SAFPT1HwSCR+0w/h1ES/MjA==

"@esbuild/darwin-x64@0.20.2":
  version "0.20.2"
  resolved "https://registry.yarnpkg.com/@esbuild/darwin-x64/-/darwin-x64-0.20.2.tgz#90ed098e1f9dd8a9381695b207e1cff45540a0d0"
  integrity sha512-tBcXp9KNphnNH0dfhv8KYkZhjc+H3XBkF5DKtswJblV7KlT9EI2+jeA8DgBjp908WEuYll6pF+UStUCfEpdysA==

"@esbuild/freebsd-arm64@0.20.2":
  version "0.20.2"
  resolved "https://registry.yarnpkg.com/@esbuild/freebsd-arm64/-/freebsd-arm64-0.20.2.tgz#d71502d1ee89a1130327e890364666c760a2a911"
  integrity sha512-d3qI41G4SuLiCGCFGUrKsSeTXyWG6yem1KcGZVS+3FYlYhtNoNgYrWcvkOoaqMhwXSMrZRl69ArHsGJ9mYdbbw==

"@esbuild/freebsd-x64@0.20.2":
  version "0.20.2"
  resolved "https://registry.yarnpkg.com/@esbuild/freebsd-x64/-/freebsd-x64-0.20.2.tgz#aa5ea58d9c1dd9af688b8b6f63ef0d3d60cea53c"
  integrity sha512-d+DipyvHRuqEeM5zDivKV1KuXn9WeRX6vqSqIDgwIfPQtwMP4jaDsQsDncjTDDsExT4lR/91OLjRo8bmC1e+Cw==

"@esbuild/linux-arm64@0.20.2":
  version "0.20.2"
  resolved "https://registry.yarnpkg.com/@esbuild/linux-arm64/-/linux-arm64-0.20.2.tgz#055b63725df678379b0f6db9d0fa85463755b2e5"
  integrity sha512-9pb6rBjGvTFNira2FLIWqDk/uaf42sSyLE8j1rnUpuzsODBq7FvpwHYZxQ/It/8b+QOS1RYfqgGFNLRI+qlq2A==

"@esbuild/linux-arm@0.20.2":
  version "0.20.2"
  resolved "https://registry.yarnpkg.com/@esbuild/linux-arm/-/linux-arm-0.20.2.tgz#76b3b98cb1f87936fbc37f073efabad49dcd889c"
  integrity sha512-VhLPeR8HTMPccbuWWcEUD1Az68TqaTYyj6nfE4QByZIQEQVWBB8vup8PpR7y1QHL3CpcF6xd5WVBU/+SBEvGTg==

"@esbuild/linux-ia32@0.20.2":
  version "0.20.2"
  resolved "https://registry.yarnpkg.com/@esbuild/linux-ia32/-/linux-ia32-0.20.2.tgz#c0e5e787c285264e5dfc7a79f04b8b4eefdad7fa"
  integrity sha512-o10utieEkNPFDZFQm9CoP7Tvb33UutoJqg3qKf1PWVeeJhJw0Q347PxMvBgVVFgouYLGIhFYG0UGdBumROyiig==

"@esbuild/linux-loong64@0.20.2":
  version "0.20.2"
  resolved "https://registry.yarnpkg.com/@esbuild/linux-loong64/-/linux-loong64-0.20.2.tgz#a6184e62bd7cdc63e0c0448b83801001653219c5"
  integrity sha512-PR7sp6R/UC4CFVomVINKJ80pMFlfDfMQMYynX7t1tNTeivQ6XdX5r2XovMmha/VjR1YN/HgHWsVcTRIMkymrgQ==

"@esbuild/linux-mips64el@0.20.2":
  version "0.20.2"
  resolved "https://registry.yarnpkg.com/@esbuild/linux-mips64el/-/linux-mips64el-0.20.2.tgz#d08e39ce86f45ef8fc88549d29c62b8acf5649aa"
  integrity sha512-4BlTqeutE/KnOiTG5Y6Sb/Hw6hsBOZapOVF6njAESHInhlQAghVVZL1ZpIctBOoTFbQyGW+LsVYZ8lSSB3wkjA==

"@esbuild/linux-ppc64@0.20.2":
  version "0.20.2"
  resolved "https://registry.yarnpkg.com/@esbuild/linux-ppc64/-/linux-ppc64-0.20.2.tgz#8d252f0b7756ffd6d1cbde5ea67ff8fd20437f20"
  integrity sha512-rD3KsaDprDcfajSKdn25ooz5J5/fWBylaaXkuotBDGnMnDP1Uv5DLAN/45qfnf3JDYyJv/ytGHQaziHUdyzaAg==

"@esbuild/linux-riscv64@0.20.2":
  version "0.20.2"
  resolved "https://registry.yarnpkg.com/@esbuild/linux-riscv64/-/linux-riscv64-0.20.2.tgz#19f6dcdb14409dae607f66ca1181dd4e9db81300"
  integrity sha512-snwmBKacKmwTMmhLlz/3aH1Q9T8v45bKYGE3j26TsaOVtjIag4wLfWSiZykXzXuE1kbCE+zJRmwp+ZbIHinnVg==

"@esbuild/linux-s390x@0.20.2":
  version "0.20.2"
  resolved "https://registry.yarnpkg.com/@esbuild/linux-s390x/-/linux-s390x-0.20.2.tgz#3c830c90f1a5d7dd1473d5595ea4ebb920988685"
  integrity sha512-wcWISOobRWNm3cezm5HOZcYz1sKoHLd8VL1dl309DiixxVFoFe/o8HnwuIwn6sXre88Nwj+VwZUvJf4AFxkyrQ==

"@esbuild/linux-x64@0.20.2":
  version "0.20.2"
  resolved "https://registry.yarnpkg.com/@esbuild/linux-x64/-/linux-x64-0.20.2.tgz#86eca35203afc0d9de0694c64ec0ab0a378f6fff"
  integrity sha512-1MdwI6OOTsfQfek8sLwgyjOXAu+wKhLEoaOLTjbijk6E2WONYpH9ZU2mNtR+lZ2B4uwr+usqGuVfFT9tMtGvGw==

"@esbuild/netbsd-x64@0.20.2":
  version "0.20.2"
  resolved "https://registry.yarnpkg.com/@esbuild/netbsd-x64/-/netbsd-x64-0.20.2.tgz#e771c8eb0e0f6e1877ffd4220036b98aed5915e6"
  integrity sha512-K8/DhBxcVQkzYc43yJXDSyjlFeHQJBiowJ0uVL6Tor3jGQfSGHNNJcWxNbOI8v5k82prYqzPuwkzHt3J1T1iZQ==

"@esbuild/openbsd-x64@0.20.2":
  version "0.20.2"
  resolved "https://registry.yarnpkg.com/@esbuild/openbsd-x64/-/openbsd-x64-0.20.2.tgz#9a795ae4b4e37e674f0f4d716f3e226dd7c39baf"
  integrity sha512-eMpKlV0SThJmmJgiVyN9jTPJ2VBPquf6Kt/nAoo6DgHAoN57K15ZghiHaMvqjCye/uU4X5u3YSMgVBI1h3vKrQ==

"@esbuild/sunos-x64@0.20.2":
  version "0.20.2"
  resolved "https://registry.yarnpkg.com/@esbuild/sunos-x64/-/sunos-x64-0.20.2.tgz#7df23b61a497b8ac189def6e25a95673caedb03f"
  integrity sha512-2UyFtRC6cXLyejf/YEld4Hajo7UHILetzE1vsRcGL3earZEW77JxrFjH4Ez2qaTiEfMgAXxfAZCm1fvM/G/o8w==

"@esbuild/win32-arm64@0.20.2":
  version "0.20.2"
  resolved "https://registry.yarnpkg.com/@esbuild/win32-arm64/-/win32-arm64-0.20.2.tgz#f1ae5abf9ca052ae11c1bc806fb4c0f519bacf90"
  integrity sha512-GRibxoawM9ZCnDxnP3usoUDO9vUkpAxIIZ6GQI+IlVmr5kP3zUq+l17xELTHMWTWzjxa2guPNyrpq1GWmPvcGQ==

"@esbuild/win32-ia32@0.20.2":
  version "0.20.2"
  resolved "https://registry.yarnpkg.com/@esbuild/win32-ia32/-/win32-ia32-0.20.2.tgz#241fe62c34d8e8461cd708277813e1d0ba55ce23"
  integrity sha512-HfLOfn9YWmkSKRQqovpnITazdtquEW8/SoHW7pWpuEeguaZI4QnCRW6b+oZTztdBnZOS2hqJ6im/D5cPzBTTlQ==

"@esbuild/win32-x64@0.20.2":
  version "0.20.2"
  resolved "https://registry.yarnpkg.com/@esbuild/win32-x64/-/win32-x64-0.20.2.tgz#9c907b21e30a52db959ba4f80bb01a0cc403d5cc"
  integrity sha512-N49X4lJX27+l9jbLKSqZ6bKNjzQvHaT8IIFUy+YIqmXQdjYCToGWwOItDrfby14c78aDd5NHQl29xingXfCdLQ==

"@rollup/rollup-android-arm-eabi@4.18.0":
  version "4.18.0"
  resolved "https://registry.yarnpkg.com/@rollup/rollup-android-arm-eabi/-/rollup-android-arm-eabi-4.18.0.tgz#bbd0e616b2078cd2d68afc9824d1fadb2f2ffd27"
  integrity sha512-Tya6xypR10giZV1XzxmH5wr25VcZSncG0pZIjfePT0OVBvqNEurzValetGNarVrGiq66EBVAFn15iYX4w6FKgQ==

"@rollup/rollup-android-arm64@4.18.0":
  version "4.18.0"
  resolved "https://registry.yarnpkg.com/@rollup/rollup-android-arm64/-/rollup-android-arm64-4.18.0.tgz#97255ef6384c5f73f4800c0de91f5f6518e21203"
  integrity sha512-avCea0RAP03lTsDhEyfy+hpfr85KfyTctMADqHVhLAF3MlIkq83CP8UfAHUssgXTYd+6er6PaAhx/QGv4L1EiA==

"@rollup/rollup-darwin-arm64@4.18.0":
  version "4.18.0"
  resolved "https://registry.yarnpkg.com/@rollup/rollup-darwin-arm64/-/rollup-darwin-arm64-4.18.0.tgz#b6dd74e117510dfe94541646067b0545b42ff096"
  integrity sha512-IWfdwU7KDSm07Ty0PuA/W2JYoZ4iTj3TUQjkVsO/6U+4I1jN5lcR71ZEvRh52sDOERdnNhhHU57UITXz5jC1/w==

"@rollup/rollup-darwin-x64@4.18.0":
  version "4.18.0"
  resolved "https://registry.yarnpkg.com/@rollup/rollup-darwin-x64/-/rollup-darwin-x64-4.18.0.tgz#e07d76de1cec987673e7f3d48ccb8e106d42c05c"
  integrity sha512-n2LMsUz7Ynu7DoQrSQkBf8iNrjOGyPLrdSg802vk6XT3FtsgX6JbE8IHRvposskFm9SNxzkLYGSq9QdpLYpRNA==

"@rollup/rollup-linux-arm-gnueabihf@4.18.0":
  version "4.18.0"
  resolved "https://registry.yarnpkg.com/@rollup/rollup-linux-arm-gnueabihf/-/rollup-linux-arm-gnueabihf-4.18.0.tgz#9f1a6d218b560c9d75185af4b8bb42f9f24736b8"
  integrity sha512-C/zbRYRXFjWvz9Z4haRxcTdnkPt1BtCkz+7RtBSuNmKzMzp3ZxdM28Mpccn6pt28/UWUCTXa+b0Mx1k3g6NOMA==

"@rollup/rollup-linux-arm-musleabihf@4.18.0":
  version "4.18.0"
  resolved "https://registry.yarnpkg.com/@rollup/rollup-linux-arm-musleabihf/-/rollup-linux-arm-musleabihf-4.18.0.tgz#53618b92e6ffb642c7b620e6e528446511330549"
  integrity sha512-l3m9ewPgjQSXrUMHg93vt0hYCGnrMOcUpTz6FLtbwljo2HluS4zTXFy2571YQbisTnfTKPZ01u/ukJdQTLGh9A==

"@rollup/rollup-linux-arm64-gnu@4.18.0":
  version "4.18.0"
  resolved "https://registry.yarnpkg.com/@rollup/rollup-linux-arm64-gnu/-/rollup-linux-arm64-gnu-4.18.0.tgz#99a7ba5e719d4f053761a698f7b52291cefba577"
  integrity sha512-rJ5D47d8WD7J+7STKdCUAgmQk49xuFrRi9pZkWoRD1UeSMakbcepWXPF8ycChBoAqs1pb2wzvbY6Q33WmN2ftw==

"@rollup/rollup-linux-arm64-musl@4.18.0":
  version "4.18.0"
  resolved "https://registry.yarnpkg.com/@rollup/rollup-linux-arm64-musl/-/rollup-linux-arm64-musl-4.18.0.tgz#f53db99a45d9bc00ce94db8a35efa7c3c144a58c"
  integrity sha512-be6Yx37b24ZwxQ+wOQXXLZqpq4jTckJhtGlWGZs68TgdKXJgw54lUUoFYrg6Zs/kjzAQwEwYbp8JxZVzZLRepQ==

"@rollup/rollup-linux-powerpc64le-gnu@4.18.0":
  version "4.18.0"
  resolved "https://registry.yarnpkg.com/@rollup/rollup-linux-powerpc64le-gnu/-/rollup-linux-powerpc64le-gnu-4.18.0.tgz#cbb0837408fe081ce3435cf3730e090febafc9bf"
  integrity sha512-hNVMQK+qrA9Todu9+wqrXOHxFiD5YmdEi3paj6vP02Kx1hjd2LLYR2eaN7DsEshg09+9uzWi2W18MJDlG0cxJA==

"@rollup/rollup-linux-riscv64-gnu@4.18.0":
  version "4.18.0"
  resolved "https://registry.yarnpkg.com/@rollup/rollup-linux-riscv64-gnu/-/rollup-linux-riscv64-gnu-4.18.0.tgz#8ed09c1d1262ada4c38d791a28ae0fea28b80cc9"
  integrity sha512-ROCM7i+m1NfdrsmvwSzoxp9HFtmKGHEqu5NNDiZWQtXLA8S5HBCkVvKAxJ8U+CVctHwV2Gb5VUaK7UAkzhDjlg==

"@rollup/rollup-linux-s390x-gnu@4.18.0":
  version "4.18.0"
  resolved "https://registry.yarnpkg.com/@rollup/rollup-linux-s390x-gnu/-/rollup-linux-s390x-gnu-4.18.0.tgz#938138d3c8e0c96f022252a28441dcfb17afd7ec"
  integrity sha512-0UyyRHyDN42QL+NbqevXIIUnKA47A+45WyasO+y2bGJ1mhQrfrtXUpTxCOrfxCR4esV3/RLYyucGVPiUsO8xjg==

"@rollup/rollup-linux-x64-gnu@4.18.0":
  version "4.18.0"
  resolved "https://registry.yarnpkg.com/@rollup/rollup-linux-x64-gnu/-/rollup-linux-x64-gnu-4.18.0.tgz#1a7481137a54740bee1ded4ae5752450f155d942"
  integrity sha512-xuglR2rBVHA5UsI8h8UbX4VJ470PtGCf5Vpswh7p2ukaqBGFTnsfzxUBetoWBWymHMxbIG0Cmx7Y9qDZzr648w==

"@rollup/rollup-linux-x64-musl@4.18.0":
  version "4.18.0"
  resolved "https://registry.yarnpkg.com/@rollup/rollup-linux-x64-musl/-/rollup-linux-x64-musl-4.18.0.tgz#f1186afc601ac4f4fc25fac4ca15ecbee3a1874d"
  integrity sha512-LKaqQL9osY/ir2geuLVvRRs+utWUNilzdE90TpyoX0eNqPzWjRm14oMEE+YLve4k/NAqCdPkGYDaDF5Sw+xBfg==

"@rollup/rollup-win32-arm64-msvc@4.18.0":
  version "4.18.0"
  resolved "https://registry.yarnpkg.com/@rollup/rollup-win32-arm64-msvc/-/rollup-win32-arm64-msvc-4.18.0.tgz#ed6603e93636a96203c6915be4117245c1bd2daf"
  integrity sha512-7J6TkZQFGo9qBKH0pk2cEVSRhJbL6MtfWxth7Y5YmZs57Pi+4x6c2dStAUvaQkHQLnEQv1jzBUW43GvZW8OFqA==

"@rollup/rollup-win32-ia32-msvc@4.18.0":
  version "4.18.0"
  resolved "https://registry.yarnpkg.com/@rollup/rollup-win32-ia32-msvc/-/rollup-win32-ia32-msvc-4.18.0.tgz#14e0b404b1c25ebe6157a15edb9c46959ba74c54"
  integrity sha512-Txjh+IxBPbkUB9+SXZMpv+b/vnTEtFyfWZgJ6iyCmt2tdx0OF5WhFowLmnh8ENGNpfUlUZkdI//4IEmhwPieNg==

"@rollup/rollup-win32-x64-msvc@4.18.0":
  version "4.18.0"
  resolved "https://registry.yarnpkg.com/@rollup/rollup-win32-x64-msvc/-/rollup-win32-x64-msvc-4.18.0.tgz#5d694d345ce36b6ecf657349e03eb87297e68da4"
  integrity sha512-UOo5FdvOL0+eIVTgS4tIdbW+TtnBLWg1YBCcU2KWM7nuNwRz9bksDX1bekJJCpu25N1DVWaCwnT39dVQxzqS8g==

"@strudel/core@1.1.0":
  version "1.1.0"
  resolved "https://registry.yarnpkg.com/@strudel/core/-/core-1.1.0.tgz#a0cba02c70474c5f9131a2466d982cb86b7632dd"
  integrity sha512-8qyMIJjXwmmi7A6oJ7reY/npLwCRU3SNRUR+x9BxuHnrLOY+Y7OH3Zi9/wMgVJcZWcsL76K0XIiMt1QuKjfvSg==
  dependencies:
    fraction.js "^4.3.7"

"@strudel/draw@1.1.0":
  version "1.1.0"
  resolved "https://registry.yarnpkg.com/@strudel/draw/-/draw-1.1.0.tgz#67436da07a6964959e9f8a926ef11e3dedf24e09"
  integrity sha512-wAqlSbWI/0eR0m1NlWjPvJ7GPpCTGjR0m6K2Avw8eCEx0BqxHo07K1GUWKIwzkS3qG8olLymVda0mvf1NOhCAA==
  dependencies:
    "@strudel/core" "1.1.0"

"@strudel/mini@1.1.0":
  version "1.1.0"
  resolved "https://registry.yarnpkg.com/@strudel/mini/-/mini-1.1.0.tgz#d074a262cb563e7d119a89acc3905bd8ef014d02"
  integrity sha512-anI6LUXU+PyBya0/KI+iC/Dfg3zfxuOK4pRgWJKAJHIMz65pWEwX8G3Ag77C9XLNOGz9y4detXQ9w6y90vDwVg==
  dependencies:
    "@strudel/core" "1.1.0"

"@strudel/tonal@1.1.0":
  version "1.1.0"
  resolved "https://registry.yarnpkg.com/@strudel/tonal/-/tonal-1.1.0.tgz#ec81d510cf40fe86aaa36b8ff7eaf97d77d73285"
  integrity sha512-y8QYO2w6kvL9f8Uyfo220E/w1ga2d5vP+icXhlyjri+qNxwVZmJvkzB+7pwgQtPNgLJJnvrUhQjQzlXXmn/qBw==
  dependencies:
    "@strudel/core" "1.1.0"
    "@tonaljs/tonal" "^4.7.2"
    chord-voicings "^0.0.1"
    webmidi "^3.1.8"

"@strudel/transpiler@1.1.0":
  version "1.1.0"
  resolved "https://registry.yarnpkg.com/@strudel/transpiler/-/transpiler-1.1.0.tgz#ff64b5d4bea64a0d0b5f30d17522201e10c9395f"
  integrity sha512-GPCHeQsxU8Kz45FRUu3WGOJVIWIjfazbmKauwETHDMDvITdtfkhmYNcYogSteFvlJlVxUlypz0VBVqYgM1hg4A==
  dependencies:
    "@strudel/core" "1.1.0"
    "@strudel/mini" "1.1.0"
    acorn "^8.11.3"
    escodegen "^2.1.0"
    estree-walker "^3.0.1"

"@strudel/web@^1.1.0":
  version "1.1.0"
  resolved "https://registry.yarnpkg.com/@strudel/web/-/web-1.1.0.tgz#b42c39bd1d657d55b9b34f5d30b8448b7cf27057"
  integrity sha512-I/SJ9h5gadYvCizCRE8EszJJaf5h8YvpJl+x9yAlrAM/4fDeb73pehb0t5xzDOSifcWUrpBiIkvVD/9Jnlkpfw==
  dependencies:
    "@strudel/core" "1.1.0"
    "@strudel/mini" "1.1.0"
    "@strudel/tonal" "1.1.0"
    "@strudel/transpiler" "1.1.0"
    "@strudel/webaudio" "1.1.0"

"@strudel/webaudio@1.1.0":
  version "1.1.0"
  resolved "https://registry.yarnpkg.com/@strudel/webaudio/-/webaudio-1.1.0.tgz#983b234c163e21203cb6bac76b6645b224c7c68e"
  integrity sha512-9BigqLIP+0CETAtiuG4dbJCoMTTT2brSaWaEVadcwz6SiXPA0dxGjlcLgR/j+iDnCmbAmzgHRkfRbPAe6nS4Tg==
  dependencies:
    "@strudel/core" "1.1.0"
    "@strudel/draw" "1.1.0"
    superdough "1.1.0"

"@tonaljs/abc-notation@^4.8.0":
  version "4.8.3"
  resolved "https://registry.yarnpkg.com/@tonaljs/abc-notation/-/abc-notation-4.8.3.tgz#a5ce265a45889c3d753aded0e1548d79be87831c"
  integrity sha512-ZN+wrlDdiFOLgbGcXiCcCd/ek8P42t7EMgjTA5yVTU8+WwtMSDPmZyNMvfETEVZoWvCOAOW9UVXemP9oFV9OxA==
  dependencies:
    "@tonaljs/pitch-distance" "5.0.3"
    "@tonaljs/pitch-note" "6.0.0"

"@tonaljs/array@^4.8.0":
  version "4.8.3"
  resolved "https://registry.yarnpkg.com/@tonaljs/array/-/array-4.8.3.tgz#36c7ec6727fbae211a8c8c0a4c54965ebd6a98c9"
  integrity sha512-TeX5vqk61EhlRAIo70d0hKt3a0FEcROsu9ETtTclXl+qaQ1QtEEs0M+B46IZ+sQo5T3s8vtz5z1yCiK26HPr5A==
  dependencies:
    "@tonaljs/pitch-note" "6.0.0"

"@tonaljs/chord-detect@4.8.5", "@tonaljs/chord-detect@^4.8.1":
  version "4.8.5"
  resolved "https://registry.yarnpkg.com/@tonaljs/chord-detect/-/chord-detect-4.8.5.tgz#ac7b6d7060a782b8203b3910543ec93421161f00"
  integrity sha512-sH4WBP9wk70YcFAcb02vd6C5odRXj+aoIgf6WaHHFmp/8AH5aK+Vr3uLVavw7u/1mf0B4XK5hGdGEUuQynGTrw==
  dependencies:
    "@tonaljs/chord-type" "5.0.5"
    "@tonaljs/core" "5.0.0"
    "@tonaljs/pcset" "4.9.2"

"@tonaljs/chord-type@5.0.5":
  version "5.0.5"
  resolved "https://registry.yarnpkg.com/@tonaljs/chord-type/-/chord-type-5.0.5.tgz#63c8d676307edaa84477121a517f089451f9fa8e"
  integrity sha512-Rne/7YwXgPAQSt8DM6/yb61Hfp8stQR4SrhbePjzB/oVwVIzUL+uxH29uwd/KxDkIEITaHXS3v5ntRcVXCQYnA==
  dependencies:
    "@tonaljs/core" "5.0.0"
    "@tonaljs/pcset" "4.9.2"

"@tonaljs/chord-type@^4.8.0", "@tonaljs/chord-type@^4.8.2":
  version "4.8.2"
  resolved "https://registry.yarnpkg.com/@tonaljs/chord-type/-/chord-type-4.8.2.tgz#86b9264374cc1a1bbbb64bd1a87a78a88debf6a1"
  integrity sha512-GzSTjQmZjkUdPhyesFDeJbxpW8R7L/bAE34E8ApGAh9FMcKYpRdX3Tn+gkluRsXOiRMfW07p3E0Adx4bjtyN+Q==
  dependencies:
    "@tonaljs/core" "^4.8.0"
    "@tonaljs/pcset" "^4.8.2"

"@tonaljs/chord@6.0.0":
  version "6.0.0"
  resolved "https://registry.yarnpkg.com/@tonaljs/chord/-/chord-6.0.0.tgz#aac2a0b1bc45352ce5f712fd6a5c1b7a361f0909"
  integrity sha512-lWTSynCzPO5rV6CQUoM7b5DqmO0VYq3hEwSwo5d+tEdocYwUvfDbPl1JHq2un9f+5nEnNRkb8AfRsbi9wyVsIg==
  dependencies:
    "@tonaljs/chord-detect" "4.8.5"
    "@tonaljs/chord-type" "5.0.5"
    "@tonaljs/collection" "4.8.1"
    "@tonaljs/interval" "^5.0.0"
    "@tonaljs/pcset" "4.9.2"
    "@tonaljs/pitch-distance" "5.0.3"
    "@tonaljs/pitch-note" "6.0.0"
    "@tonaljs/scale-type" "4.8.5"

"@tonaljs/chord@^4.8.0":
  version "4.10.2"
  resolved "https://registry.yarnpkg.com/@tonaljs/chord/-/chord-4.10.2.tgz#6ce4bb77e5a8a87fef2ee6406cfaf406be301160"
  integrity sha512-Zlqtq6c6T4y+EqvwHRQp9icEjHqyniCpnIwwCFg5amgAQwXmWzarouOOSmcdJ1Is92eEvcPVuCoLiVUtajS30A==
  dependencies:
    "@tonaljs/chord-detect" "^4.8.1"
    "@tonaljs/chord-type" "^4.8.2"
    "@tonaljs/collection" "^4.8.0"
    "@tonaljs/core" "^4.10.0"
    "@tonaljs/pcset" "^4.8.2"
    "@tonaljs/scale-type" "^4.8.2"

"@tonaljs/collection@4.8.1", "@tonaljs/collection@^4.8.0":
  version "4.8.1"
  resolved "https://registry.yarnpkg.com/@tonaljs/collection/-/collection-4.8.1.tgz#263da6b4b806167d4ca003b2145b83c6f8078866"
  integrity sha512-2TaiK9QEjOCkV7jW2B9uo5FPetNoiS9//nNPWXOWjB/E9KGd2SV1THEuxLx1Ew3uXUQpezup5adNljbZtOHbrA==

"@tonaljs/core@5.0.0":
  version "5.0.0"
  resolved "https://registry.yarnpkg.com/@tonaljs/core/-/core-5.0.0.tgz#13f4cd633a94cce4f5d4254238ebfc0938d9f13a"
  integrity sha512-vifjXX+xKidK+q1xGgcfGX79HtIMydXp1NrdGG5VshYHC3TRpVNti4HJDb/6qOjokQp9as/iOCyaAmcWIq0ZUA==
  dependencies:
    "@tonaljs/pitch" "5.0.2"
    "@tonaljs/pitch-distance" "5.0.3"
    "@tonaljs/pitch-interval" "6.0.0"
    "@tonaljs/pitch-note" "6.0.0"

"@tonaljs/core@^4.10.0", "@tonaljs/core@^4.8.0":
  version "4.10.4"
  resolved "https://registry.yarnpkg.com/@tonaljs/core/-/core-4.10.4.tgz#44184a00b30b2effc2cf77b2067f4676ffc9ba67"
  integrity sha512-PhGlQ2Js6rFQ6CufkSiBpEJoPS8QIIhbXSXhT4U+5ffqckli+YBZRN24vjZ4AEKuX8xoYDmCCbl+r6agauvzmw==
  dependencies:
    "@tonaljs/pitch" "5.0.1"
    "@tonaljs/pitch-distance" "5.0.2"
    "@tonaljs/pitch-interval" "5.0.2"
    "@tonaljs/pitch-note" "5.0.3"

"@tonaljs/duration-value@^4.8.0":
  version "4.8.1"
  resolved "https://registry.yarnpkg.com/@tonaljs/duration-value/-/duration-value-4.8.1.tgz#0d0ba37462b5ebbf30efa1b6b8853f50d7c69732"
  integrity sha512-/jP8Q+z2h+2+IBeTsyF9KWedqu8Jffhvp17/H6pxUJ7b1U+HNdn5G7KfXbblEqhykYSKTSKK/m+86M7j4RnAgw==

"@tonaljs/interval@5.0.0", "@tonaljs/interval@^5.0.0":
  version "5.0.0"
  resolved "https://registry.yarnpkg.com/@tonaljs/interval/-/interval-5.0.0.tgz#10118c2b9169c95e289aa9b825754c7878eb612c"
  integrity sha512-WXmi0TdijggCzREc2B0RN3ZtgUQhu8E7DXVqL/lVLAZA8zaVfsFAv4k1NdXr7bkmcCM4yzhXeGzBo8L2QJR1SA==
  dependencies:
    "@tonaljs/pitch" "^5.0.2"
    "@tonaljs/pitch-distance" "^5.0.3"
    "@tonaljs/pitch-interval" "^6.0.0"

"@tonaljs/interval@^4.8.0":
  version "4.8.2"
  resolved "https://registry.yarnpkg.com/@tonaljs/interval/-/interval-4.8.2.tgz#f4aac6e70034ca69fc9d95dbb12686050b4f7baa"
  integrity sha512-9SEuJuqFdmu9lnvMmJtxbReQcQvZ1YHXhCcxaF6Re23/w+BqiJvvkvNZhfWH+n1+g0uaSdTsuvMfamp7hAvPMw==
  dependencies:
    "@tonaljs/pitch" "^5.0.1"
    "@tonaljs/pitch-distance" "^5.0.2"
    "@tonaljs/pitch-interval" "^5.0.2"

"@tonaljs/key@^4.9.0":
  version "4.9.4"
  resolved "https://registry.yarnpkg.com/@tonaljs/key/-/key-4.9.4.tgz#4d1e4df279a1986bfdbc35dd64126d5f82d29cce"
  integrity sha512-oq+C8AAmHJdkWs2Txq3ZR5koIeKYSNwQwR3G+Y1Bd+XbXvd/d9d7xJmzxUWY8fnFnvOve8FNShCvoWfnF62HtQ==
  dependencies:
    "@tonaljs/core" "5.0.0"
    "@tonaljs/note" "4.10.3"
    "@tonaljs/roman-numeral" "4.8.3"

"@tonaljs/midi@4.9.3", "@tonaljs/midi@^4.8.0":
  version "4.9.3"
  resolved "https://registry.yarnpkg.com/@tonaljs/midi/-/midi-4.9.3.tgz#102ec9dd1923f38878defefeced0efe459481e74"
  integrity sha512-sz6XrX6qoYSW3yDpR0K5JhYpsvlzrIJYFfRiOdf4kmnTPAewYyg7f8nLRMl502lBNCt80Bktx4mDHXaL6tWVKw==
  dependencies:
    "@tonaljs/core" "5.0.0"

"@tonaljs/mode@^4.8.0":
  version "4.8.4"
  resolved "https://registry.yarnpkg.com/@tonaljs/mode/-/mode-4.8.4.tgz#9b4f27366ab5e6b38f29ec616478b768b06d42c0"
  integrity sha512-6416B8YgWj6hgWgHPsSvizCMoyWg66C/TlviSexQNnYjQHAlp0rAOcLTL3IskVrFNTgNMlNP1vcj+s1kt18LuQ==
  dependencies:
    "@tonaljs/collection" "4.8.1"
    "@tonaljs/core" "5.0.0"
    "@tonaljs/interval" "5.0.0"
    "@tonaljs/pcset" "4.9.2"
    "@tonaljs/scale-type" "4.8.5"

"@tonaljs/note@4.10.3", "@tonaljs/note@^4.9.0":
  version "4.10.3"
  resolved "https://registry.yarnpkg.com/@tonaljs/note/-/note-4.10.3.tgz#4e0e1e5bdfbdbd9d84e9e4edef3e7bb16cdb4f90"
  integrity sha512-GvNILH91kkBV9ISAHK75gFkI8Jr0mvKRkO/wU1OhUAapnOrNzFS+EqxusKGc2Lz2MLIbVFRIBqWdyhxIwgpSCg==
  dependencies:
    "@tonaljs/core" "5.0.0"
    "@tonaljs/midi" "4.9.3"

"@tonaljs/pcset@4.9.2", "@tonaljs/pcset@^4.8.0", "@tonaljs/pcset@^4.8.2":
  version "4.9.2"
  resolved "https://registry.yarnpkg.com/@tonaljs/pcset/-/pcset-4.9.2.tgz#4a2ddabd52adbee6489a48d73e7b47e420082fd7"
  integrity sha512-s8enXa/nsFkJkz96VjcFu+fapEr69ENhr3yoHykPsU+0MlZ9aMWXilE97Ek3eHAX9gT55+mElEU7qGWkwdaU9w==
  dependencies:
    "@tonaljs/collection" "4.8.1"
    "@tonaljs/core" "5.0.0"

"@tonaljs/pitch-distance@5.0.2":
  version "5.0.2"
  resolved "https://registry.yarnpkg.com/@tonaljs/pitch-distance/-/pitch-distance-5.0.2.tgz#344b2847963af69ab417a99eee5bc71821ca23de"
  integrity sha512-DPxfGJCf4BvfIVRxl2v142tuCKIziM6PomOBT0/s7U5o+Z5qFAIW0tNx/MKyL83guV74p+XIf5VI0w1flmXxDA==
  dependencies:
    "@tonaljs/pitch" "5.0.1"
    "@tonaljs/pitch-interval" "5.0.2"
    "@tonaljs/pitch-note" "5.0.3"

"@tonaljs/pitch-distance@5.0.3", "@tonaljs/pitch-distance@^5.0.2", "@tonaljs/pitch-distance@^5.0.3":
  version "5.0.3"
  resolved "https://registry.yarnpkg.com/@tonaljs/pitch-distance/-/pitch-distance-5.0.3.tgz#7d32c0e4533a2a3ea866b709cb3300c64c1782ec"
  integrity sha512-3sgU93gfNsMX1wAYXraYJyIJMIViXZRE1Fh/OXwbUi6lEX/iLRmFVSz37ObnaRaOz0pVm+uUhvW2iKy8QtOWpw==
  dependencies:
    "@tonaljs/pitch" "5.0.2"
    "@tonaljs/pitch-interval" "6.0.0"
    "@tonaljs/pitch-note" "6.0.0"

"@tonaljs/pitch-interval@5.0.2", "@tonaljs/pitch-interval@^5.0.2":
  version "5.0.2"
  resolved "https://registry.yarnpkg.com/@tonaljs/pitch-interval/-/pitch-interval-5.0.2.tgz#dc1459424db4fb86fe505a23c24138a65332f82c"
  integrity sha512-bQmxeenRFNuuABs9mDc+bSUp3ySGw8I49pHMoGDdCcro9n3MDN8IsSwhvKoGOYErFMx76rNn1t+7WL8ukpvX5w==
  dependencies:
    "@tonaljs/pitch" "5.0.1"

"@tonaljs/pitch-interval@6.0.0", "@tonaljs/pitch-interval@^6.0.0":
  version "6.0.0"
  resolved "https://registry.yarnpkg.com/@tonaljs/pitch-interval/-/pitch-interval-6.0.0.tgz#0a4fb94d9bbb8094fad58fa772620e4e92c3f12a"
  integrity sha512-0iaFWbgshYWjfmdxzF8jNmTqsNK2krwn+FqDRZb8vEsfaSNC8Jek0f5wYcE2to+7f0P5jJlJnj8CUGvlfKIT5A==
  dependencies:
    "@tonaljs/pitch" "5.0.2"

"@tonaljs/pitch-note@5.0.3":
  version "5.0.3"
  resolved "https://registry.yarnpkg.com/@tonaljs/pitch-note/-/pitch-note-5.0.3.tgz#14189266dbea3cb4206ee13f268f6a57c6d32d01"
  integrity sha512-JsPgqPa8VZdZtfwvgoHJz996BZqzvlnRxUF6c/Q9q8E0iq30UHBEid0Y6XldK+h6tuIENsG3a9jyvNNxRqIeYw==
  dependencies:
    "@tonaljs/pitch" "5.0.1"

"@tonaljs/pitch-note@6.0.0":
  version "6.0.0"
  resolved "https://registry.yarnpkg.com/@tonaljs/pitch-note/-/pitch-note-6.0.0.tgz#dc12c753042fd62d717a61647417b456481da5ff"
  integrity sha512-m4Ei7zwSsKwotVfnodA7m1SR7zD5NNIea+V7Mo35EcK32ZJBg+SvxdwgfNNdLO8bkDbVrZIgVYqeP3R3Jq7VFQ==
  dependencies:
    "@tonaljs/pitch" "5.0.2"

"@tonaljs/pitch@5.0.1":
  version "5.0.1"
  resolved "https://registry.yarnpkg.com/@tonaljs/pitch/-/pitch-5.0.1.tgz#417bbf748bf947d609983928b444908ac4a5ac09"
  integrity sha512-5HYkF4hGY0jS2y5V3Hf5gNFXX46kT4cAcI7JLEn+qQb9N1dU9Gz9koI9di0mD1Tbam+kviceiCsJl4WX/FqYjA==

"@tonaljs/pitch@5.0.2", "@tonaljs/pitch@^5.0.1", "@tonaljs/pitch@^5.0.2":
  version "5.0.2"
  resolved "https://registry.yarnpkg.com/@tonaljs/pitch/-/pitch-5.0.2.tgz#ca2dcd60b99e90536f52293d2491187edfbc9967"
  integrity sha512-mxaXJPPe+LIJdjzpZEl8I8Wx3dEvlzkBbsr2Ltwc2dTAdnErAZ5R0TxVq2egF27lMvQN2QPQPWI9iDPPdVUmrg==

"@tonaljs/progression@^4.8.0":
  version "4.8.4"
  resolved "https://registry.yarnpkg.com/@tonaljs/progression/-/progression-4.8.4.tgz#6112d133769762201daac06fc260879792e6a49b"
  integrity sha512-cybCQ3szoozZW5v8jydRxdmDCGiZ2sE8qEnqbNz7+RY7WtZCXbK8MAFjPq2M5NGxIwnw94sbM7RV7d6f5W7+nA==
  dependencies:
    "@tonaljs/chord" "6.0.0"
    "@tonaljs/core" "5.0.0"
    "@tonaljs/roman-numeral" "4.8.3"

"@tonaljs/range@^4.8.0":
  version "4.8.4"
  resolved "https://registry.yarnpkg.com/@tonaljs/range/-/range-4.8.4.tgz#1897ef0bc768b5093c14d174a1063cc95a358d14"
  integrity sha512-ASB+i34Z5cXnBntaZOlmgZTfiLdKpMjSCL0ohE4ebZBTbTkuZWMKUucMxe2xpNKNBByPKVmeocv/Wpr8GNzU1Q==
  dependencies:
    "@tonaljs/collection" "4.8.1"
    "@tonaljs/midi" "4.9.3"

"@tonaljs/roman-numeral@4.8.3", "@tonaljs/roman-numeral@^4.8.0":
  version "4.8.3"
  resolved "https://registry.yarnpkg.com/@tonaljs/roman-numeral/-/roman-numeral-4.8.3.tgz#51ebaf947f4bb5eb660658a8e4ce51c6911db65b"
  integrity sha512-U3LnDSVSngWiHEECPAWCvOlqZC0vt8IL/IoXSKXpt9YfW9NYRUlejoQack1NM9M80P8fCBnJQ7Uz3x8mC1eRow==
  dependencies:
    "@tonaljs/core" "5.0.0"

"@tonaljs/scale-type@4.8.5", "@tonaljs/scale-type@^4.8.0", "@tonaljs/scale-type@^4.8.2":
  version "4.8.5"
  resolved "https://registry.yarnpkg.com/@tonaljs/scale-type/-/scale-type-4.8.5.tgz#7b3743d39b90ff52de815f956e6087e982db0f06"
  integrity sha512-3DCo/r3QEalIDG7dSBgRFD90Tm22qXSHuz5pyDUMNZpQuodzxz1BvsXSkC3CMGchX4eoaSjtArfKIrz0oEJUhw==
  dependencies:
    "@tonaljs/core" "5.0.0"
    "@tonaljs/pcset" "4.9.2"

"@tonaljs/scale@^4.9.0":
  version "4.12.6"
  resolved "https://registry.yarnpkg.com/@tonaljs/scale/-/scale-4.12.6.tgz#a7fc0e2ea3a1fa7ef9ad36d1f0939f242de2dae5"
  integrity sha512-nWDGNfx+rJuF+FFXbvWvtv7vApHpAlLkpke8C7TTM4lEw+fQXdi0cQaNQDS0QmIReeGSThe9CMxRL8+niabFKQ==
  dependencies:
    "@tonaljs/chord-type" "5.0.5"
    "@tonaljs/collection" "4.8.1"
    "@tonaljs/core" "5.0.0"
    "@tonaljs/note" "4.10.3"
    "@tonaljs/pcset" "4.9.2"
    "@tonaljs/scale-type" "4.8.5"

"@tonaljs/time-signature@^4.8.0":
  version "4.8.1"
  resolved "https://registry.yarnpkg.com/@tonaljs/time-signature/-/time-signature-4.8.1.tgz#9f04e42f8eded515a7a4ee46c8a2fb1177a8837c"
  integrity sha512-P3h2S1M006LpmPkwuAVS/pP02Hns6pSzKP2ghyit4Lszj4ppwNwcyJ1hgT/TVkiwMbUVbNltTKDraonG+2Xe/g==

"@tonaljs/tonal@^4.6.5", "@tonaljs/tonal@^4.7.2":
  version "4.10.0"
  resolved "https://registry.yarnpkg.com/@tonaljs/tonal/-/tonal-4.10.0.tgz#81e43303480c2ee8b228988b87675740aba37759"
  integrity sha512-F2T9Fiy+j0MVped89kCrX1XF68mQOLUnny4pDOHrIf+OkrjtLQOzzaSOrX1tx0o72WUwQm1knz6D1d57b9X1HA==
  dependencies:
    "@tonaljs/abc-notation" "^4.8.0"
    "@tonaljs/array" "^4.8.0"
    "@tonaljs/chord" "^4.8.0"
    "@tonaljs/chord-type" "^4.8.0"
    "@tonaljs/collection" "^4.8.0"
    "@tonaljs/core" "^4.8.0"
    "@tonaljs/duration-value" "^4.8.0"
    "@tonaljs/interval" "^4.8.0"
    "@tonaljs/key" "^4.9.0"
    "@tonaljs/midi" "^4.8.0"
    "@tonaljs/mode" "^4.8.0"
    "@tonaljs/note" "^4.9.0"
    "@tonaljs/pcset" "^4.8.0"
    "@tonaljs/progression" "^4.8.0"
    "@tonaljs/range" "^4.8.0"
    "@tonaljs/roman-numeral" "^4.8.0"
    "@tonaljs/scale" "^4.9.0"
    "@tonaljs/scale-type" "^4.8.0"
    "@tonaljs/time-signature" "^4.8.0"

"@types/estree@1.0.5", "@types/estree@^1.0.0":
  version "1.0.5"
  resolved "https://registry.yarnpkg.com/@types/estree/-/estree-1.0.5.tgz#a6ce3e556e00fd9895dd872dd172ad0d4bd687f4"
  integrity sha512-/kYRxGDLWzHOB7q+wtSUQlFrtcdUccpfy+X+9iMBpHK8QLLhx2wIPYuS5DYtR9Wa/YlZAbIovy7qVdB1Aq6Lyw==

"@types/webmidi@^2.1.0":
  version "2.1.0"
  resolved "https://registry.yarnpkg.com/@types/webmidi/-/webmidi-2.1.0.tgz#085ec7279a9c9c13453589db9ecebbcfa4bf771b"
  integrity sha512-k898MjEUSHB+6rSeCPQk/kLgie0wgWZ2t78GlWj86HbTQ+XmtbBafYg5LNjn8bVHfItEhPGZPf579Xfc6keV6w==

acorn@^8.11.3:
  version "8.12.0"
  resolved "https://registry.yarnpkg.com/acorn/-/acorn-8.12.0.tgz#1627bfa2e058148036133b8d9b51a700663c294c"
  integrity sha512-RTvkC4w+KNXrM39/lWCUaG0IbRkWdCv7W/IOW9oU6SawyxulvkQy5HQPVTKxEjczcUvapcrw3cFx/60VN/NRNw==

autoprefixer@^10.4.19:
  version "10.4.19"
  resolved "https://registry.yarnpkg.com/autoprefixer/-/autoprefixer-10.4.19.tgz#ad25a856e82ee9d7898c59583c1afeb3fa65f89f"
  integrity sha512-BaENR2+zBZ8xXhM4pUaKUxlVdxZ0EZhjvbopwnXmxRUfqDmwSpC2lAi/QXvx7NRdPCo1WKEcEF6mV64si1z4Ew==
  dependencies:
    browserslist "^4.23.0"
    caniuse-lite "^1.0.30001599"
    fraction.js "^4.3.7"
    normalize-range "^0.1.2"
    picocolors "^1.0.0"
    postcss-value-parser "^4.2.0"

browserslist@^4.23.0:
  version "4.23.0"
  resolved "https://registry.yarnpkg.com/browserslist/-/browserslist-4.23.0.tgz#8f3acc2bbe73af7213399430890f86c63a5674ab"
  integrity sha512-QW8HiM1shhT2GuzkvklfjcKDiWFXHOeFCIA/huJPwHsslwcydgk7X+z2zXpEijP98UCY7HbubZt5J2Zgvf0CaQ==
  dependencies:
    caniuse-lite "^1.0.30001587"
    electron-to-chromium "^1.4.668"
    node-releases "^2.0.14"
    update-browserslist-db "^1.0.13"

caniuse-lite@^1.0.30001587, caniuse-lite@^1.0.30001599:
  version "1.0.30001625"
  resolved "https://registry.yarnpkg.com/caniuse-lite/-/caniuse-lite-1.0.30001625.tgz#ead1b155ea691d6a87938754d3cb119c24465b03"
  integrity sha512-4KE9N2gcRH+HQhpeiRZXd+1niLB/XNLAhSy4z7fI8EzcbcPoAqjNInxVHTiTwWfTIV4w096XG8OtCOCQQKPv3w==

chord-voicings@^0.0.1:
  version "0.0.1"
  resolved "https://registry.yarnpkg.com/chord-voicings/-/chord-voicings-0.0.1.tgz#d9fbbff48fbf985da90263d1ddf5c2d283e6114e"
  integrity sha512-SutgB/4ynkkuiK6qdQ/k3QvCFcH0Vj8Ch4t6LbRyRQbVzP/TOztiCk3kvXd516UZ6fqk7ijDRELEFcKN+6V8sA==
  dependencies:
    "@tonaljs/tonal" "^4.6.5"

djipevents@^2.0.7:
  version "2.0.7"
  resolved "https://registry.yarnpkg.com/djipevents/-/djipevents-2.0.7.tgz#4805dcb8dcf0b4a2c6e51eaecdfc218bb8f202fb"
  integrity sha512-KNFYaU85imxOCKOUsIR70Iz9E19r96/X7LSH+u0tSoZdpWcBdzoqtTsU+wuLhc6GMpSFob+KInkZAbfKi01Bjg==
  dependencies:
    "@babel/runtime" "^7.20.6"

electron-to-chromium@^1.4.668:
  version "1.4.788"
  resolved "https://registry.yarnpkg.com/electron-to-chromium/-/electron-to-chromium-1.4.788.tgz#a3545959d5cfa0a266d3e551386c040be34e7e06"
  integrity sha512-ubp5+Ev/VV8KuRoWnfP2QF2Bg+O2ZFdb49DiiNbz2VmgkIqrnyYaqIOqj8A6K/3p1xV0QcU5hBQ1+BmB6ot1OA==

esbuild@^0.20.1:
  version "0.20.2"
  resolved "https://registry.yarnpkg.com/esbuild/-/esbuild-0.20.2.tgz#9d6b2386561766ee6b5a55196c6d766d28c87ea1"
  integrity sha512-WdOOppmUNU+IbZ0PaDiTst80zjnrOkyJNHoKupIcVyU8Lvla3Ugx94VzkQ32Ijqd7UhHJy75gNWDMUekcrSJ6g==
  optionalDependencies:
    "@esbuild/aix-ppc64" "0.20.2"
    "@esbuild/android-arm" "0.20.2"
    "@esbuild/android-arm64" "0.20.2"
    "@esbuild/android-x64" "0.20.2"
    "@esbuild/darwin-arm64" "0.20.2"
    "@esbuild/darwin-x64" "0.20.2"
    "@esbuild/freebsd-arm64" "0.20.2"
    "@esbuild/freebsd-x64" "0.20.2"
    "@esbuild/linux-arm" "0.20.2"
    "@esbuild/linux-arm64" "0.20.2"
    "@esbuild/linux-ia32" "0.20.2"
    "@esbuild/linux-loong64" "0.20.2"
    "@esbuild/linux-mips64el" "0.20.2"
    "@esbuild/linux-ppc64" "0.20.2"
    "@esbuild/linux-riscv64" "0.20.2"
    "@esbuild/linux-s390x" "0.20.2"
    "@esbuild/linux-x64" "0.20.2"
    "@esbuild/netbsd-x64" "0.20.2"
    "@esbuild/openbsd-x64" "0.20.2"
    "@esbuild/sunos-x64" "0.20.2"
    "@esbuild/win32-arm64" "0.20.2"
    "@esbuild/win32-ia32" "0.20.2"
    "@esbuild/win32-x64" "0.20.2"

escalade@^3.1.2:
  version "3.1.2"
  resolved "https://registry.yarnpkg.com/escalade/-/escalade-3.1.2.tgz#54076e9ab29ea5bf3d8f1ed62acffbb88272df27"
  integrity sha512-ErCHMCae19vR8vQGe50xIsVomy19rg6gFu3+r3jkEO46suLMWBksvVyoGgQV+jOfl84ZSOSlmv6Gxa89PmTGmA==

escodegen@^2.1.0:
  version "2.1.0"
  resolved "https://registry.yarnpkg.com/escodegen/-/escodegen-2.1.0.tgz#ba93bbb7a43986d29d6041f99f5262da773e2e17"
  integrity sha512-2NlIDTwUWJN0mRPQOdtQBzbUHvdGY2P1VXSyU83Q3xKxM7WHX2Ql8dKq782Q9TgQUNOLEzEYu9bzLNj1q88I5w==
  dependencies:
    esprima "^4.0.1"
    estraverse "^5.2.0"
    esutils "^2.0.2"
  optionalDependencies:
    source-map "~0.6.1"

esprima@^4.0.1:
  version "4.0.1"
  resolved "https://registry.yarnpkg.com/esprima/-/esprima-4.0.1.tgz#13b04cdb3e6c5d19df91ab6987a8695619b0aa71"
  integrity sha512-eGuFFw7Upda+g4p+QHvnW0RyTX/SVeJBDM/gCtMARO0cLuT2HcEKnTPvhjV6aGeqrCB/sbNop0Kszm0jsaWU4A==

estraverse@^5.2.0:
  version "5.3.0"
  resolved "https://registry.yarnpkg.com/estraverse/-/estraverse-5.3.0.tgz#2eea5290702f26ab8fe5370370ff86c965d21123"
  integrity sha512-MMdARuVEQziNTeJD8DgMqmhwR11BRQ/cBP+pLtYdSTnf3MIO8fFeiINEbX36ZdNlfU/7A9f3gUw49B3oQsvwBA==

estree-walker@^3.0.1:
  version "3.0.3"
  resolved "https://registry.yarnpkg.com/estree-walker/-/estree-walker-3.0.3.tgz#67c3e549ec402a487b4fc193d1953a524752340d"
  integrity sha512-7RUKfXgSMMkzt6ZuXmqapOurLGPPfgj6l9uRZ7lRGolvk0y2yocc35LdcxKC5PQZdn2DMqioAQ2NoWcrTKmm6g==
  dependencies:
    "@types/estree" "^1.0.0"

esutils@^2.0.2:
  version "2.0.3"
  resolved "https://registry.yarnpkg.com/esutils/-/esutils-2.0.3.tgz#74d2eb4de0b8da1293711910d50775b9b710ef64"
  integrity sha512-kVscqXk4OCp68SZ0dkgEKVi6/8ij300KBWTJq32P/dYeWTSwK41WyTxalN1eRmA5Z9UU/LX9D7FWSmV9SAYx6g==

fraction.js@^4.3.7:
  version "4.3.7"
  resolved "https://registry.yarnpkg.com/fraction.js/-/fraction.js-4.3.7.tgz#06ca0085157e42fda7f9e726e79fefc4068840f7"
  integrity sha512-ZsDfxO51wGAXREY55a7la9LScWpwv9RxIrYABrlvOFBlH/ShPnrtsXeuUIfXKKOVicNxQ+o8JTbJvjS4M89yew==

fsevents@~2.3.2, fsevents@~2.3.3:
  version "2.3.3"
  resolved "https://registry.yarnpkg.com/fsevents/-/fsevents-2.3.3.tgz#cac6407785d03675a2a5e1a5305c697b347d90d6"
  integrity sha512-5xoDfX+fL7faATnagmWPpbFtwh/R77WmMMqqHGS65C3vvB0YHrgF+B1YmZ3441tMj5n63k0212XNoJwzlhffQw==

jazz-midi@^1.7.9:
  version "1.7.9"
  resolved "https://registry.yarnpkg.com/jazz-midi/-/jazz-midi-1.7.9.tgz#ad564e85acf12414aec7ef7d879ad61a5d7f6896"
  integrity sha512-c8c4BBgwxdsIr1iVm53nadCrtH7BUlnX3V95ciK/gbvXN/ndE5+POskBalXgqlc/r9p2XUbdLTrgrC6fou5p9w==

jzz@^1.5.6:
  version "1.8.5"
  resolved "https://registry.yarnpkg.com/jzz/-/jzz-1.8.5.tgz#28752a4718114ce1b4f89b5cf2f336c1d10c56b3"
  integrity sha512-/4suyf9d6/LhF6Hh2OOCI7FZfOcdwCqh/bXYe0nPJ0/0Zg4BiTMD1eiGacom1ZsvRKnLBURHrV0rJtiVjVlhpA==
  dependencies:
    "@types/webmidi" "^2.1.0"
    jazz-midi "^1.7.9"

lz-string@^1.5.0:
  version "1.5.0"
  resolved "https://registry.yarnpkg.com/lz-string/-/lz-string-1.5.0.tgz#c1ab50f77887b712621201ba9fd4e3a6ed099941"
  integrity sha512-h5bgJWpxJNswbU7qCrV0tIKQCaS3blPDrqKWx+QxzuzL1zGUzij9XCWLrSLsJPu5t+eWA/ycetzYAO5IOMcWAQ==

nanoid@^3.3.7:
  version "3.3.7"
  resolved "https://registry.yarnpkg.com/nanoid/-/nanoid-3.3.7.tgz#d0c301a691bc8d54efa0a2226ccf3fe2fd656bd8"
  integrity sha512-eSRppjcPIatRIMC1U6UngP8XFcz8MQWGQdt1MTBQ7NaAmvXDfvNxbvWV3x2y6CdEUciCSsDHDQZbhYaB8QEo2g==

nanostores@^0.9.5:
  version "0.9.5"
  resolved "https://registry.yarnpkg.com/nanostores/-/nanostores-0.9.5.tgz#4fcfce9786c4bf16e045a899cda2e46e90780a5b"
  integrity sha512-Z+p+g8E7yzaWwOe5gEUB2Ox0rCEeXWYIZWmYvw/ajNYX8DlXdMvMDj8DWfM/subqPAcsf8l8Td4iAwO1DeIIRQ==

node-releases@^2.0.14:
  version "2.0.14"
  resolved "https://registry.yarnpkg.com/node-releases/-/node-releases-2.0.14.tgz#2ffb053bceb8b2be8495ece1ab6ce600c4461b0b"
  integrity sha512-y10wOWt8yZpqXmOgRo77WaHEmhYQYGNA6y421PKsKYWEK8aW+cqAphborZDhqfyKrbZEN92CN1X2KbafY2s7Yw==

normalize-range@^0.1.2:
  version "0.1.2"
  resolved "https://registry.yarnpkg.com/normalize-range/-/normalize-range-0.1.2.tgz#2d10c06bdfd312ea9777695a4d28439456b75942"
  integrity sha512-bdok/XvKII3nUpklnV6P2hxtMNrCboOjAcyBuQnWEhO665FwrSNRxU+AqpsyvO6LgGYPspN+lu5CLtw4jPRKNA==

picocolors@^1.0.0, picocolors@^1.0.1:
  version "1.0.1"
  resolved "https://registry.yarnpkg.com/picocolors/-/picocolors-1.0.1.tgz#a8ad579b571952f0e5d25892de5445bcfe25aaa1"
  integrity sha512-anP1Z8qwhkbmu7MFP5iTt+wQKXgwzf7zTyGlcdzabySa9vd0Xt392U0rVmz9poOaBj0uHJKyyo9/upk0HrEQew==

postcss-value-parser@^4.2.0:
  version "4.2.0"
  resolved "https://registry.yarnpkg.com/postcss-value-parser/-/postcss-value-parser-4.2.0.tgz#723c09920836ba6d3e5af019f92bc0971c02e514"
  integrity sha512-1NNCs6uurfkVbeXG4S8JFT9t19m45ICnif8zWLd5oPSZ50QnwMfK+H3jv408d4jw/7Bttv5axS5IiHoLaVNHeQ==

postcss@^8.4.38:
  version "8.4.38"
  resolved "https://registry.yarnpkg.com/postcss/-/postcss-8.4.38.tgz#b387d533baf2054288e337066d81c6bee9db9e0e"
  integrity sha512-Wglpdk03BSfXkHoQa3b/oulrotAkwrlLDRSOb9D0bN86FdRyE9lppSp33aHNPgBa0JKCoB+drFLZkQoRRYae5A==
  dependencies:
    nanoid "^3.3.7"
    picocolors "^1.0.0"
    source-map-js "^1.2.0"

prettier@3.3.1:
  version "3.3.1"
  resolved "https://registry.yarnpkg.com/prettier/-/prettier-3.3.1.tgz#e68935518dd90bb7ec4821ba970e68f8de16e1ac"
  integrity sha512-7CAwy5dRsxs8PHXT3twixW9/OEll8MLE0VRPCJyl7CkS6VHGPSlsVaWTiASPTyGyYRyApxlaWTzwUxVNrhcwDg==

regenerator-runtime@^0.14.0:
  version "0.14.1"
  resolved "https://registry.yarnpkg.com/regenerator-runtime/-/regenerator-runtime-0.14.1.tgz#356ade10263f685dda125100cd862c1db895327f"
  integrity sha512-dYnhHh0nJoMfnkZs6GmmhFknAGRrLznOu5nc9ML+EJxGvrx6H7teuevqVqCuPcPK//3eDrrjQhehXVx9cnkGdw==

rollup@^4.13.0:
  version "4.18.0"
  resolved "https://registry.yarnpkg.com/rollup/-/rollup-4.18.0.tgz#497f60f0c5308e4602cf41136339fbf87d5f5dda"
  integrity sha512-QmJz14PX3rzbJCN1SG4Xe/bAAX2a6NpCP8ab2vfu2GiUr8AQcr2nCV/oEO3yneFarB67zk8ShlIyWb2LGTb3Sg==
  dependencies:
    "@types/estree" "1.0.5"
  optionalDependencies:
    "@rollup/rollup-android-arm-eabi" "4.18.0"
    "@rollup/rollup-android-arm64" "4.18.0"
    "@rollup/rollup-darwin-arm64" "4.18.0"
    "@rollup/rollup-darwin-x64" "4.18.0"
    "@rollup/rollup-linux-arm-gnueabihf" "4.18.0"
    "@rollup/rollup-linux-arm-musleabihf" "4.18.0"
    "@rollup/rollup-linux-arm64-gnu" "4.18.0"
    "@rollup/rollup-linux-arm64-musl" "4.18.0"
    "@rollup/rollup-linux-powerpc64le-gnu" "4.18.0"
    "@rollup/rollup-linux-riscv64-gnu" "4.18.0"
    "@rollup/rollup-linux-s390x-gnu" "4.18.0"
    "@rollup/rollup-linux-x64-gnu" "4.18.0"
    "@rollup/rollup-linux-x64-musl" "4.18.0"
    "@rollup/rollup-win32-arm64-msvc" "4.18.0"
    "@rollup/rollup-win32-ia32-msvc" "4.18.0"
    "@rollup/rollup-win32-x64-msvc" "4.18.0"
    fsevents "~2.3.2"

source-map-js@^1.2.0:
  version "1.2.0"
  resolved "https://registry.yarnpkg.com/source-map-js/-/source-map-js-1.2.0.tgz#16b809c162517b5b8c3e7dcd315a2a5c2612b2af"
  integrity sha512-itJW8lvSA0TXEphiRoawsCksnlf8SyvmFzIhltqAHluXd88pkCd+cXJVHTDwdCr0IzwptSm035IHQktUu1QUMg==

source-map@~0.6.1:
  version "0.6.1"
  resolved "https://registry.yarnpkg.com/source-map/-/source-map-0.6.1.tgz#74722af32e9614e9c287a8d0bbde48b5e2f1a263"
  integrity sha512-UjgapumWlbMhkBgzT7Ykc5YXUT46F0iKu8SGXq0bcwP5dz/h0Plj6enJqjz1Zbq2l5WaqYnrVbwWOWMyF3F47g==

superdough@1.1.0:
  version "1.1.0"
  resolved "https://registry.yarnpkg.com/superdough/-/superdough-1.1.0.tgz#d8ee56dcb326ca52840d50c73b4f3e239186ffe2"
  integrity sha512-8UcCjMakhiZOrKFHS08LmrQZrrzp+om2FouTPFhg1/E1K+gGrsMUYyD6hJl7sa5IM+18Gm/GrBnXoShaqVK7FQ==
  dependencies:
    nanostores "^0.9.5"

update-browserslist-db@^1.0.13:
  version "1.0.16"
  resolved "https://registry.yarnpkg.com/update-browserslist-db/-/update-browserslist-db-1.0.16.tgz#f6d489ed90fb2f07d67784eb3f53d7891f736356"
  integrity sha512-KVbTxlBYlckhF5wgfyZXTWnMn7MMZjMu9XG8bPlliUOP9ThaF4QnhP8qrjrH7DRzHfSk0oQv1wToW+iA5GajEQ==
  dependencies:
    escalade "^3.1.2"
    picocolors "^1.0.1"

vite@^5.2.13:
  version "5.2.13"
  resolved "https://registry.yarnpkg.com/vite/-/vite-5.2.13.tgz#945ababcbe3d837ae2479c29f661cd20bc5e1a80"
  integrity sha512-SSq1noJfY9pR3I1TUENL3rQYDQCFqgD+lM6fTRAM8Nv6Lsg5hDLaXkjETVeBt+7vZBCMoibD+6IWnT2mJ+Zb/A==
  dependencies:
    esbuild "^0.20.1"
    postcss "^8.4.38"
    rollup "^4.13.0"
  optionalDependencies:
    fsevents "~2.3.3"

webmidi@^3.1.8:
  version "3.1.9"
  resolved "https://registry.yarnpkg.com/webmidi/-/webmidi-3.1.9.tgz#3fbf7bc1d97654745e0d240efe58f9b8cf4cc60d"
  integrity sha512-KwhkwnGGxE49yGruEVFeCRA8Zsx5i/4NEa/Gtcx34SKIh8NU6OsWo3xVtDu0MY7/wdDScq/Ymh+/v+XDbnBA1A==
  dependencies:
    djipevents "^2.0.7"
  optionalDependencies:
    jzz "^1.5.6"
